
Microsoft Visual Studio Solution File, Format Version 12.00
# Visual Studio 15
VisualStudioVersion = 15.0.27004.2002
MinimumVisualStudioVersion = 10.0.40219.1
Project("{8BC9CEB8-8B4A-11D0-8D11-00A0C91BC942}") = "breakout", "breakout.vcxproj", "{DDA550B5-A968-4734-8A31-C3E240A39FBA}"
EndProject
Global
	GlobalSection(SolutionConfigurationPlatforms) = preSolution
		Debug|x64 = Debug|x64
		Debug|x86 = Debug|x86
		Release|x64 = Release|x64
		Release|x86 = Release|x86
	EndGlobalSection
	GlobalSection(ProjectConfigurationPlatforms) = postSolution
		{DDA550B5-A968-4734-8A31-C3E240A39FBA}.Debug|x64.ActiveCfg = Debug|x64
		{DDA550B5-A968-4734-8A31-C3E240A39FBA}.Debug|x64.Build.0 = Debug|x64
		{DDA550B5-A968-4734-8A31-C3E240A39FBA}.Debug|x86.ActiveCfg = Debug|Win32
		{DDA550B5-A968-4734-8A31-C3E240A39FBA}.Debug|x86.Build.0 = Debug|Win32
		{DDA550B5-A968-4734-8A31-C3E240A39FBA}.Release|x64.ActiveCfg = Release|x64
		{DDA550B5-A968-4734-8A31-C3E240A39FBA}.Release|x64.Build.0 = Release|x64
		{DDA550B5-A968-4734-8A31-C3E240A39FBA}.Release|x86.ActiveCfg = Release|Win32
		{DDA550B5-A968-4734-8A31-C3E240A39FBA}.Release|x86.Build.0 = Release|Win32
	EndGlobalSection
	GlobalSection(SolutionProperties) = preSolution
		HideSolutionNode = FALSE
	EndGlobalSection
	GlobalSection(ExtensibilityGlobals) = postSolution
		SolutionGuid = {017A6806-39C9-4682-901A-7D0EBD8C3E25}
	EndGlobalSection
EndGlobal
